
Microsoft Visual Studio Solution File, Format Version 12.00
Project("{FAE04EC0-301F-11D3-BF4B-00C04F79EFBC}") = "BkLightDesk", "BkLightDesk\BkLightDesk.csproj", "{75020660-DEA4-4AB6-845D-09378BB2662D}"
EndProject
Global
	GlobalSection(SolutionConfigurationPlatforms) = preSolution
		Debug|Any CPU = Debug|Any CPU
		Release|Any CPU = Release|Any CPU
	EndGlobalSection
	GlobalSection(ProjectConfigurationPlatforms) = postSolution
		{75020660-DEA4-4AB6-845D-09378BB2662D}.Debug|Any CPU.ActiveCfg = Debug|Any CPU
		{75020660-DEA4-4AB6-845D-09378BB2662D}.Debug|Any CPU.Build.0 = Debug|Any CPU
		{75020660-DEA4-4AB6-845D-09378BB2662D}.Release|Any CPU.ActiveCfg = Release|Any CPU
		{75020660-DEA4-4AB6-845D-09378BB2662D}.Release|Any CPU.Build.0 = Release|Any CPU
	EndGlobalSection
EndGlobal
